
Microsoft Visual Studio Solution File, Format Version 12.00
# Visual Studio Version 17
VisualStudioVersion = 17.11.35208.52
MinimumVisualStudioVersion = 10.0.40219.1
Project("{9A19103F-16F7-4668-BE54-9A1E7A4F7556}") = "BookStore.API", "BookStore.API\BookStore.API.csproj", "{F817ECC5-53C9-4043-B692-E4EC0E35C3BB}"
EndProject
Project("{9A19103F-16F7-4668-BE54-9A1E7A4F7556}") = "BookStore.Business", "BookStore.Business\BookStore.Business.csproj", "{086D6864-B6CC-46A2-910B-8BB225894371}"
EndProject
Project("{9A19103F-16F7-4668-BE54-9A1E7A4F7556}") = "BookStore.Data", "BookStore.Data\BookStore.Data.csproj", "{CE566091-A30D-4826-B3EF-FE006986A2B7}"
EndProject
Project("{FAE04EC0-301F-11D3-BF4B-00C04F79EFBC}") = "BookStore.Shared", "BookStore.Shared\BookStore.Shared.csproj", "{0817B042-0894-4D2B-A7A6-A87453C071D3}"
EndProject
Project("{FAE04EC0-301F-11D3-BF4B-00C04F79EFBC}") = "BookStore.Tests", "BookStore.Tests\BookStore.Tests.csproj", "{6E32764D-0B3E-4929-96B6-79FF50F77087}"
EndProject
Global
	GlobalSection(SolutionConfigurationPlatforms) = preSolution
		Debug|Any CPU = Debug|Any CPU
		Release|Any CPU = Release|Any CPU
	EndGlobalSection
	GlobalSection(ProjectConfigurationPlatforms) = postSolution
		{F817ECC5-53C9-4043-B692-E4EC0E35C3BB}.Debug|Any CPU.ActiveCfg = Debug|Any CPU
		{F817ECC5-53C9-4043-B692-E4EC0E35C3BB}.Debug|Any CPU.Build.0 = Debug|Any CPU
		{F817ECC5-53C9-4043-B692-E4EC0E35C3BB}.Release|Any CPU.ActiveCfg = Release|Any CPU
		{F817ECC5-53C9-4043-B692-E4EC0E35C3BB}.Release|Any CPU.Build.0 = Release|Any CPU
		{086D6864-B6CC-46A2-910B-8BB225894371}.Debug|Any CPU.ActiveCfg = Debug|Any CPU
		{086D6864-B6CC-46A2-910B-8BB225894371}.Debug|Any CPU.Build.0 = Debug|Any CPU
		{086D6864-B6CC-46A2-910B-8BB225894371}.Release|Any CPU.ActiveCfg = Release|Any CPU
		{086D6864-B6CC-46A2-910B-8BB225894371}.Release|Any CPU.Build.0 = Release|Any CPU
		{CE566091-A30D-4826-B3EF-FE006986A2B7}.Debug|Any CPU.ActiveCfg = Debug|Any CPU
		{CE566091-A30D-4826-B3EF-FE006986A2B7}.Debug|Any CPU.Build.0 = Debug|Any CPU
		{CE566091-A30D-4826-B3EF-FE006986A2B7}.Release|Any CPU.ActiveCfg = Release|Any CPU
		{CE566091-A30D-4826-B3EF-FE006986A2B7}.Release|Any CPU.Build.0 = Release|Any CPU
		{0817B042-0894-4D2B-A7A6-A87453C071D3}.Debug|Any CPU.ActiveCfg = Debug|Any CPU
		{0817B042-0894-4D2B-A7A6-A87453C071D3}.Debug|Any CPU.Build.0 = Debug|Any CPU
		{0817B042-0894-4D2B-A7A6-A87453C071D3}.Release|Any CPU.ActiveCfg = Release|Any CPU
		{0817B042-0894-4D2B-A7A6-A87453C071D3}.Release|Any CPU.Build.0 = Release|Any CPU
		{6E32764D-0B3E-4929-96B6-79FF50F77087}.Debug|Any CPU.ActiveCfg = Debug|Any CPU
		{6E32764D-0B3E-4929-96B6-79FF50F77087}.Debug|Any CPU.Build.0 = Debug|Any CPU
		{6E32764D-0B3E-4929-96B6-79FF50F77087}.Release|Any CPU.ActiveCfg = Release|Any CPU
		{6E32764D-0B3E-4929-96B6-79FF50F77087}.Release|Any CPU.Build.0 = Release|Any CPU
	EndGlobalSection
	GlobalSection(SolutionProperties) = preSolution
		HideSolutionNode = FALSE
	EndGlobalSection
	GlobalSection(ExtensibilityGlobals) = postSolution
		SolutionGuid = {368D2A1C-C78E-4526-85FE-315B87BAC757}
	EndGlobalSection
EndGlobal
